version = 1
requires-python = ">=3.12"

[[package]]
name = "dill"
version = "0.3.9"
source = { registry = "https://pypi.org/simple" }
sdist = { url = "https://files.pythonhosted.org/packages/70/43/86fe3f9e130c4137b0f1b50784dd70a5087b911fe07fa81e53e0c4c47fea/dill-0.3.9.tar.gz", hash = "sha256:81aa267dddf68cbfe8029c42ca9ec6a4ab3b22371d1c450abc54422577b4512c", size = 187000 }
wheels = [
    { url = "https://files.pythonhosted.org/packages/46/d1/e73b6ad76f0b1fb7f23c35c6d95dbc506a9c8804f43dda8cb5b0fa6331fd/dill-0.3.9-py3-none-any.whl", hash = "sha256:468dff3b89520b474c0397703366b7b95eebe6303f108adf9b19da1f702be87a", size = 119418 },
]

[[package]]
name = "inquirerpy"
version = "0.3.4"
source = { registry = "https://pypi.org/simple" }
dependencies = [
    { name = "pfzy" },
    { name = "prompt-toolkit" },
]
sdist = { url = "https://files.pythonhosted.org/packages/64/73/7570847b9da026e07053da3bbe2ac7ea6cde6bb2cbd3c7a5a950fa0ae40b/InquirerPy-0.3.4.tar.gz", hash = "sha256:89d2ada0111f337483cb41ae31073108b2ec1e618a49d7110b0d7ade89fc197e", size = 44431 }
wheels = [
    { url = "https://files.pythonhosted.org/packages/ce/ff/3b59672c47c6284e8005b42e84ceba13864aa0f39f067c973d1af02f5d91/InquirerPy-0.3.4-py3-none-any.whl", hash = "sha256:c65fdfbac1fa00e3ee4fb10679f4d3ed7a012abf4833910e63c295827fe2a7d4", size = 67677 },
]

[[package]]
name = "multiprocess"
version = "0.70.14"
source = { registry = "https://pypi.org/simple" }
dependencies = [
    { name = "dill" },
]
sdist = { url = "https://files.pythonhosted.org/packages/e3/ab/9aafc121c6a3d2470ccdf28f99897e88d324c948893b30e46cb359f595e3/multiprocess-0.70.14.tar.gz", hash = "sha256:3eddafc12f2260d27ae03fe6069b12570ab4764ab59a75e81624fac453fbf46a", size = 1498053 }
wheels = [
    { url = "https://files.pythonhosted.org/packages/b8/0c/c26b346b41bb1f81ac921fa10074a9595c22e5f99cc89c0410fc4efd5df3/multiprocess-0.70.14-py310-none-any.whl", hash = "sha256:7dc1f2f6a1d34894c8a9a013fbc807971e336e7cc3f3ff233e61b9dc679b3b5c", size = 134316 },
    { url = "https://files.pythonhosted.org/packages/f1/00/c1b90843cb80e6a1911f480e92a92b1258efcdd32ed4fe87449703416fc4/multiprocess-0.70.14-py37-none-any.whl", hash = "sha256:93a8208ca0926d05cdbb5b9250a604c401bed677579e96c14da3090beb798193", size = 115684 },
    { url = "https://files.pythonhosted.org/packages/13/95/8b875a678c6f9db81809dd5d6032e9f8628426e37f6aa6b7d404ba582de1/multiprocess-0.70.14-py38-none-any.whl", hash = "sha256:6725bc79666bbd29a73ca148a0fb5f4ea22eed4a8f22fce58296492a02d18a7b", size = 132003 },
    { url = "https://files.pythonhosted.org/packages/6a/f4/fbeb03ef7abdda54db4a6a75c971b88ab73d724ff09e3275cc1e99f1c946/multiprocess-0.70.14-py39-none-any.whl", hash = "sha256:63cee628b74a2c0631ef15da5534c8aedbc10c38910b9c8b18dcd327528d1ec7", size = 132855 },
]

[[package]]
name = "nestd"
version = "0.3.1"
source = { registry = "https://pypi.org/simple" }
sdist = { url = "https://files.pythonhosted.org/packages/d7/a7/6d1889ef18b2656680ae8b1f2b76359fd557f8b13959d649f6dc35dd06b2/nestd-0.3.1.tar.gz", hash = "sha256:1b946d2bbc16df67ca169b8cb59794ec70b54d4a56a017e3d1c092d364d22a39", size = 3057 }
wheels = [
    { url = "https://files.pythonhosted.org/packages/9f/0a/d491a1c27f0fa99d71f247b01bd01de0a47128dd69dba3bf7989ee412515/nestd-0.3.1-py3-none-any.whl", hash = "sha256:9a27d65e0676477acf50f1dcadb15755eb85076983e5abaffc94b0f4e26eef62", size = 2814 },
]

[[package]]
name = "orjson"
version = "3.9.15"
source = { registry = "https://pypi.org/simple" }
sdist = { url = "https://files.pythonhosted.org/packages/6d/22/9709a4cb8606c04a9d70e9372b8d404a6b4c46668986ec76a6ecf184be62/orjson-3.9.15.tar.gz", hash = "sha256:95cae920959d772f30ab36d3b25f83bb0f3be671e986c72ce22f8fa700dae061", size = 4854933 }
wheels = [
    { url = "https://files.pythonhosted.org/packages/88/21/61d2c6654eb21aea26ebef5c52a07f05150a23adb9b262a8c47d14734294/orjson-3.9.15-cp312-cp312-macosx_10_15_x86_64.macosx_11_0_arm64.macosx_10_15_universal2.whl", hash = "sha256:82425dd5c7bd3adfe4e94c78e27e2fa02971750c2b7ffba648b0f5d5cc016a73", size = 248747 },
    { url = "https://files.pythonhosted.org/packages/80/dc/d8fc078d73ff620de84b6dc93e099e243ac9b0f187aaf412b3215b1ee092/orjson-3.9.15-cp312-cp312-manylinux_2_17_aarch64.manylinux2014_aarch64.whl", hash = "sha256:2c51378d4a8255b2e7c1e5cc430644f0939539deddfa77f6fac7b56a9784160a", size = 144396 },
    { url = "https://files.pythonhosted.org/packages/c9/0d/1c7f78ec17ac24dbaf5566f6b87d38d4e72a72d3922bd41aab3baa7c024b/orjson-3.9.15-cp312-cp312-manylinux_2_17_armv7l.manylinux2014_armv7l.whl", hash = "sha256:6ae4e06be04dc00618247c4ae3f7c3e561d5bc19ab6941427f6d3722a0875ef7", size = 132395 },
    { url = "https://files.pythonhosted.org/packages/bc/7b/134695e9004cb2273327217008884f439f9dc89e09f4f4c278ca20466740/orjson-3.9.15-cp312-cp312-manylinux_2_17_ppc64le.manylinux2014_ppc64le.whl", hash = "sha256:bcef128f970bb63ecf9a65f7beafd9b55e3aaf0efc271a4154050fc15cdb386e", size = 160696 },
    { url = "https://files.pythonhosted.org/packages/6b/5b/06b55590e75849049e8ffb811548693db4ecb1403129694c048d383f207c/orjson-3.9.15-cp312-cp312-manylinux_2_17_s390x.manylinux2014_s390x.whl", hash = "sha256:b72758f3ffc36ca566ba98a8e7f4f373b6c17c646ff8ad9b21ad10c29186f00d", size = 155145 },
    { url = "https://files.pythonhosted.org/packages/6a/3a/225b65664b7de15cf706eda6ab65cb23e8f59c274d4457c4eeaa2d510980/orjson-3.9.15-cp312-cp312-manylinux_2_17_x86_64.manylinux2014_x86_64.whl", hash = "sha256:10c57bc7b946cf2efa67ac55766e41764b66d40cbd9489041e637c1304400494", size = 138729 },
    { url = "https://files.pythonhosted.org/packages/2f/f6/7b0dab06f5707e1edf2d5e0bb66f0054de16c55c35272385d4177a77d7ea/orjson-3.9.15-cp312-cp312-musllinux_1_2_aarch64.whl", hash = "sha256:946c3a1ef25338e78107fba746f299f926db408d34553b4754e90a7de1d44068", size = 316910 },
    { url = "https://files.pythonhosted.org/packages/ea/05/524b2ef2614c40cb85d9cb742cb02fa5749c1e40c601b6e853602e982c70/orjson-3.9.15-cp312-cp312-musllinux_1_2_x86_64.whl", hash = "sha256:2f256d03957075fcb5923410058982aea85455d035607486ccb847f095442bda", size = 311056 },
    { url = "https://files.pythonhosted.org/packages/f8/c5/56e9a842afd65f76babe87b574c1597a090f0a4c860ec6d723527823b669/orjson-3.9.15-cp312-none-win_amd64.whl", hash = "sha256:5bb399e1b49db120653a31463b4a7b27cf2fbfe60469546baf681d1b39f4edf2", size = 136147 },
]

[[package]]
name = "pfzy"
version = "0.3.4"
source = { registry = "https://pypi.org/simple" }
sdist = { url = "https://files.pythonhosted.org/packages/d9/5a/32b50c077c86bfccc7bed4881c5a2b823518f5450a30e639db5d3711952e/pfzy-0.3.4.tar.gz", hash = "sha256:717ea765dd10b63618e7298b2d98efd819e0b30cd5905c9707223dceeb94b3f1", size = 8396 }
wheels = [
    { url = "https://files.pythonhosted.org/packages/8c/d7/8ff98376b1acc4503253b685ea09981697385ce344d4e3935c2af49e044d/pfzy-0.3.4-py3-none-any.whl", hash = "sha256:5f50d5b2b3207fa72e7ec0ef08372ef652685470974a107d0d4999fc5a903a96", size = 8537 },
]

[[package]]
name = "prompt-toolkit"
version = "3.0.48"
source = { registry = "https://pypi.org/simple" }
dependencies = [
    { name = "wcwidth" },
]
sdist = { url = "https://files.pythonhosted.org/packages/2d/4f/feb5e137aff82f7c7f3248267b97451da3644f6cdc218edfe549fb354127/prompt_toolkit-3.0.48.tar.gz", hash = "sha256:d6623ab0477a80df74e646bdbc93621143f5caf104206aa29294d53de1a03d90", size = 424684 }
wheels = [
    { url = "https://files.pythonhosted.org/packages/a9/6a/fd08d94654f7e67c52ca30523a178b3f8ccc4237fce4be90d39c938a831a/prompt_toolkit-3.0.48-py3-none-any.whl", hash = "sha256:f49a827f90062e411f1ce1f854f2aedb3c23353244f8108b89283587397ac10e", size = 386595 },
]

[[package]]
name = "psqlpy"
version = "0.8.4"
source = { registry = "https://pypi.org/simple" }
sdist = { url = "https://files.pythonhosted.org/packages/2b/5a/9239e109fe1f8d8987e80887f97671fceaea863d10be7f7e23c6393d747c/psqlpy-0.8.4.tar.gz", hash = "sha256:debc306deae8e7cf87de57e414d2c8fa5ce84a694e1f87e5ea83c49a32363a6a", size = 258405 }
wheels = [
    { url = "https://files.pythonhosted.org/packages/86/b1/d35bb2fa3d7efd3d48340f895b4282bdf85e07564214f9a1f10455a17d54/psqlpy-0.8.4-cp312-cp312-macosx_10_12_x86_64.whl", hash = "sha256:d8d4a17ead335095a060cb1d54391c8dc1870ce18af6b1ce1942df310f1a67de", size = 3187082 },
    { url = "https://files.pythonhosted.org/packages/9e/35/1afe73d7a52fc305a024053cd4d6390cb073287db48a71cb1b128adcd544/psqlpy-0.8.4-cp312-cp312-macosx_11_0_arm64.whl", hash = "sha256:179a28a12f8bc3de21a9c04f608ad678dbc2976647b81eb2073aeb40c4b602c5", size = 3477735 },
    { url = "https://files.pythonhosted.org/packages/d0/63/a1bbd91d846540a9b7fe839869cff0661ba6e49a03f6195728cfac6d94bf/psqlpy-0.8.4-cp312-cp312-manylinux_2_17_aarch64.manylinux2014_aarch64.whl", hash = "sha256:026be748099ad32313f7f72cb35d1cb54ecfacdf1b7a3fc52e9ff5cce26c869c", size = 3860396 },
    { url = "https://files.pythonhosted.org/packages/2d/6c/507f2444c8e1486f6fe06b2ba84696c3969fbfce02e4e86568a08389d146/psqlpy-0.8.4-cp312-cp312-manylinux_2_17_armv7l.manylinux2014_armv7l.whl", hash = "sha256:3100b0db74073f5a1dee36d611a64b73625f879aebaf5c9f25868cdf24ca60ed", size = 3229880 },
    { url = "https://files.pythonhosted.org/packages/f0/3c/ed0485426554d47f3566ca3813e398f57c7b2b270a1b2a268540c17d389e/psqlpy-0.8.4-cp312-cp312-manylinux_2_17_i686.manylinux2014_i686.whl", hash = "sha256:b8cb3f8e94411fc5493c47c275df12af6c8eadc6eafa0309226526ac4e209618", size = 3733181 },
    { url = "https://files.pythonhosted.org/packages/8b/eb/52c048a7caba26f3675e974008a0df54a4fb166391b17a9a39c7d0ef9eab/psqlpy-0.8.4-cp312-cp312-manylinux_2_17_ppc64le.manylinux2014_ppc64le.whl", hash = "sha256:18e2bf8b833aa34bd171c395a43adffd1c756002b759b1aeabba798a3f592562", size = 3544067 },
    { url = "https://files.pythonhosted.org/packages/e8/2b/61296a28e2aff3222b244bfb5d330c85b75334ca975165c4235e4cef5d09/psqlpy-0.8.4-cp312-cp312-manylinux_2_17_s390x.manylinux2014_s390x.whl", hash = "sha256:cbaececb78896170ccd378751aa17b703ca240a11d0093447527cac78b9a16f8", size = 3623781 },
    { url = "https://files.pythonhosted.org/packages/f1/27/05e94a8c38600b09b0cb58bb37216c3f4e84b4fa14c571383d17f9667119/psqlpy-0.8.4-cp312-cp312-manylinux_2_17_x86_64.manylinux2014_x86_64.whl", hash = "sha256:b5e40d9d439c5fa1ded063cb909d2517b7efcebbf0d4faa0d5b3d3ad790b6629", size = 3700586 },
    { url = "https://files.pythonhosted.org/packages/83/aa/2fc5bbe36a51f09cd824d0f20db7714f6bcad16e024e7434ef46dafacd87/psqlpy-0.8.4-cp312-cp312-musllinux_1_2_i686.whl", hash = "sha256:4fdf4ebf65fa6c33c1ca244617486707df69bfd4fd7234fc488d71d637dc73c6", size = 3809423 },
    { url = "https://files.pythonhosted.org/packages/2a/54/d03285c2f1aaadd84fb078a7f1ebeeab156a2c791195fdb385d69d7714eb/psqlpy-0.8.4-cp312-cp312-musllinux_1_2_x86_64.whl", hash = "sha256:8d265cb15895d2c68348f38f6cdc304af0ba4e697a124d1c9995530b294065f3", size = 3835756 },
    { url = "https://files.pythonhosted.org/packages/12/d5/113f0e09c8dfedb8b8c33b67614868a981544c1055cdb9816acbf1da46a4/psqlpy-0.8.4-cp312-none-win32.whl", hash = "sha256:7216ce411e8edf616b8b0c113293940c5bc7b321008eb66843ba2ca2eed114fa", size = 2435971 },
    { url = "https://files.pythonhosted.org/packages/3c/8e/8970fc0187fd30970b522afecb8c54aecc79ba52685d733c268a20afe73c/psqlpy-0.8.4-cp312-none-win_amd64.whl", hash = "sha256:a48305d60a5518515930441fd52bcb5a3362b7ee85e3ebf3f0e3db3aebc70f16", size = 2749326 },
    { url = "https://files.pythonhosted.org/packages/59/c0/545923ccdf559f2f1b6410c9aefc3b2af9eca42d620fff31f85772d68fd8/psqlpy-0.8.4-cp313-cp313-macosx_10_12_x86_64.whl", hash = "sha256:c79b8623462138b69a11a60bd0d745b4e867ac1349b916144cb1401db7bec491", size = 3185752 },
    { url = "https://files.pythonhosted.org/packages/c5/f2/129489f2ea08d9462e98a37169fedb402b36120c0c06ee0b29bf12aa8124/psqlpy-0.8.4-cp313-cp313-macosx_11_0_arm64.whl", hash = "sha256:2d910c0a04267c49b8e28daa0281a5dfb766bca3d98a44a55f781342fb8b8792", size = 3476165 },
    { url = "https://files.pythonhosted.org/packages/97/19/bab116766a57487f6aec103560454112d53774201c8242c26a417e6df845/psqlpy-0.8.4-cp313-cp313-manylinux_2_17_aarch64.manylinux2014_aarch64.whl", hash = "sha256:06f0525e4d1b2260bd1a8f9771f10fe5426abb7d9c63184d4cba8cd39c5fb74d", size = 3859465 },
    { url = "https://files.pythonhosted.org/packages/b0/d0/46cd1e0581c33720d39154e7e173bf7472323db8e301520b5fe853f121a5/psqlpy-0.8.4-cp313-cp313-manylinux_2_17_armv7l.manylinux2014_armv7l.whl", hash = "sha256:d1be50bd72c55c617fcb4104c1fe4bfa28666a087eee9ff812bd10040740b547", size = 3228714 },
    { url = "https://files.pythonhosted.org/packages/37/21/a4f3701526e7e07f8818efd0a86c8daaec9cb1196b69090b14aea5a98b78/psqlpy-0.8.4-cp313-cp313-manylinux_2_17_i686.manylinux2014_i686.whl", hash = "sha256:3763a1deafbbf3ea75ba6655987cb3b319e49bdac86fc589fd974aa4f285e032", size = 3731537 },
    { url = "https://files.pythonhosted.org/packages/df/fc/8ce9006874cea754dd9b006edbebe7ef3f179f0012317d41c8a58641e89b/psqlpy-0.8.4-cp313-cp313-manylinux_2_17_ppc64le.manylinux2014_ppc64le.whl", hash = "sha256:8eb7819904292c36aa8dee1d2966ec77161acdcf33a6889e45cdaf1ef0a9799c", size = 3543093 },
    { url = "https://files.pythonhosted.org/packages/e3/e7/49b35c0f847e16b16fdb39bba27aa6d8d3ef9111d2995b6b6d1d7108b838/psqlpy-0.8.4-cp313-cp313-manylinux_2_17_s390x.manylinux2014_s390x.whl", hash = "sha256:7391629c5f5adb1f56aff67d3f598bb150d387cdaa38378b9f3b11e463977159", size = 3623446 },
    { url = "https://files.pythonhosted.org/packages/98/79/fd59f01cea9d617c37c3fa043488f989cf5f9e9f19b87de13454de2292ae/psqlpy-0.8.4-cp313-cp313-manylinux_2_17_x86_64.manylinux2014_x86_64.whl", hash = "sha256:9d7bfb50603410284d04e6b1d79457db2872b7368bb8027728eeb01ad6b108a0", size = 3699334 },
    { url = "https://files.pythonhosted.org/packages/05/8f/3388ea12c8e336b617ee2bf372fa691b8bf63c1baccfb421b056feb618dc/psqlpy-0.8.4-cp313-cp313-musllinux_1_2_i686.whl", hash = "sha256:a5e56e7731d06c415e9fcba85081c9f280b756a5970ac01f991ad81a248fae10", size = 3808145 },
    { url = "https://files.pythonhosted.org/packages/eb/ba/6fd30e81bf4bb64dbaa98c00010571c417e669c8536b1ece9535e917ca68/psqlpy-0.8.4-cp313-cp313-musllinux_1_2_x86_64.whl", hash = "sha256:75c0eac5ce6c4be06f5665855c9a23cdca42f25ea979b5d276f1cad1e07fba92", size = 3835717 },
    { url = "https://files.pythonhosted.org/packages/64/93/93efa4d815c6b44e8370be5198071906c0b680216964c51952a20f36ca7f/psqlpy-0.8.4-cp313-none-win32.whl", hash = "sha256:2aa5ffd53880d4c7d044e9317b8cc50a8ce85fc5447a3e7858c4026471c6f198", size = 2434833 },
    { url = "https://files.pythonhosted.org/packages/84/d5/63f5695e40bd482d9c74f18044d67431355b8d1ba41bef2f3ecd4cb594d5/psqlpy-0.8.4-cp313-none-win_amd64.whl", hash = "sha256:077fe78f1905ae0e79d89fe0e4bc6d69883793089f9fb61efb6a3852036b7c2b", size = 2748096 },
]

[[package]]
name = "robyn"
version = "0.62.1"
source = { registry = "https://pypi.org/simple" }
dependencies = [
    { name = "inquirerpy" },
    { name = "multiprocess" },
    { name = "nestd" },
    { name = "orjson" },
    { name = "rustimport" },
    { name = "uvloop", marker = "platform_machine != 'armv7l' and platform_python_implementation == 'CPython' and sys_platform != 'win32'" },
    { name = "watchdog" },
]
sdist = { url = "https://files.pythonhosted.org/packages/ca/be/8b0a8a114677b2208372adb218a848ba30c3a6305360dd2310a5721ac7b0/robyn-0.62.1.tar.gz", hash = "sha256:786c80bf0c9dc2a5f131c4d58739b8bc5500b02ff26712c754e50f6872ee25d0", size = 4276717 }
wheels = [
    { url = "https://files.pythonhosted.org/packages/f9/01/b7ba2878d7715b700823c20cba4148159233a0fc03f8495b05554774e267/robyn-0.62.1-cp312-cp312-macosx_10_7_x86_64.whl", hash = "sha256:6c5d488b1440af75d92b85574fd6c8e5c66e6d5192c6a31da229a9731bad676e", size = 1637028 },
    { url = "https://files.pythonhosted.org/packages/79/3d/326ffd302acac8cdcdbb935b51083c9cbf5d56991425019c0286311c7447/robyn-0.62.1-cp312-cp312-macosx_10_9_x86_64.macosx_11_0_arm64.macosx_10_9_universal2.whl", hash = "sha256:04a9d8ec392d3545f208b73aed9e8ee95e03467f5d7b49a587d18ccef9275fad", size = 3095060 },
    { url = "https://files.pythonhosted.org/packages/bc/5c/d54cbb6110b7e016cc078c7d2ee7cf676031342a153d8e517535fc6ea6c7/robyn-0.62.1-cp312-cp312-manylinux_2_17_aarch64.manylinux2014_aarch64.whl", hash = "sha256:1f81901bb5ab62f785fd652ea7fb99f39f6e1ca688d07c48a4b3016187933547", size = 1642197 },
    { url = "https://files.pythonhosted.org/packages/e8/e1/71d697f93c4a1e901503fb8fa06ed21a7cf6a468e57c289ccebf3b07f6d1/robyn-0.62.1-cp312-cp312-manylinux_2_17_armv7l.manylinux2014_armv7l.whl", hash = "sha256:fb01300c21086cd6750d10f8077cbef69950352bd887519844e83d4734516480", size = 1693577 },
    { url = "https://files.pythonhosted.org/packages/6b/db/e2bc04209ea5ba0ef7490468262e27529d68aaf17f30081448d0f06feee6/robyn-0.62.1-cp312-cp312-manylinux_2_17_i686.manylinux2014_i686.whl", hash = "sha256:bbc4ed4bea9df0c50014c58ffbf0e59d3b7344b28a94ffa31c72ededf3d11383", size = 1798075 },
    { url = "https://files.pythonhosted.org/packages/f3/dc/e3984a552e4fef6f89e6fced5f98327fe71fdf641ba211ae40cab3214973/robyn-0.62.1-cp312-cp312-manylinux_2_17_x86_64.manylinux2014_x86_64.whl", hash = "sha256:4e301073b06c92c37223e30195a01b27f6169e860b3a474123b1f272decdb45d", size = 1773932 },
    { url = "https://files.pythonhosted.org/packages/a8/07/674275b015317c49fb7b10d808dd1112c3196c6e7c0ec2be27c1850a628e/robyn-0.62.1-cp312-none-win32.whl", hash = "sha256:401e4ee963986f50e8f40d0938e16546cdebedbdb2f9aa595210ba0f619b18a4", size = 1591277 },
    { url = "https://files.pythonhosted.org/packages/03/80/84ba531e4fdcdcbd6d1888b599fe4d172c38d8923f0b63464b847156e51e/robyn-0.62.1-cp312-none-win_amd64.whl", hash = "sha256:b18cda8bd6b791c36a2ccd6eaf889935171f07ce0c2a040f1582a58f4da21adf", size = 1653969 },
]

[[package]]
name = "robyn-psqlpy"
version = "0.1.0"
source = { virtual = "." }
dependencies = [
    { name = "psqlpy" },
    { name = "robyn" },
]

[package.optional-dependencies]
dev = [
    { name = "ruff" },
]

[package.metadata]
requires-dist = [
    { name = "psqlpy", specifier = ">=0.8.4" },
    { name = "robyn", specifier = ">=0.62.1" },
    { name = "ruff", marker = "extra == 'dev'" },
]

[[package]]
name = "ruff"
version = "0.7.0"
source = { registry = "https://pypi.org/simple" }
sdist = { url = "https://files.pythonhosted.org/packages/2c/c7/f3367d1da5d568192968c5c9e7f3d51fb317b9ac04828493b23d8fce8ce6/ruff-0.7.0.tar.gz", hash = "sha256:47a86360cf62d9cd53ebfb0b5eb0e882193fc191c6d717e8bef4462bc3b9ea2b", size = 3146645 }
wheels = [
    { url = "https://files.pythonhosted.org/packages/48/59/a0275a0913f3539498d116046dd679cd657fe3b7caf5afe1733319414932/ruff-0.7.0-py3-none-linux_armv6l.whl", hash = "sha256:0cdf20c2b6ff98e37df47b2b0bd3a34aaa155f59a11182c1303cce79be715628", size = 10434007 },
    { url = "https://files.pythonhosted.org/packages/cd/94/da0ba5f956d04c90dd899209904210600009dcda039ce840d83eb4298c7d/ruff-0.7.0-py3-none-macosx_10_12_x86_64.whl", hash = "sha256:496494d350c7fdeb36ca4ef1c9f21d80d182423718782222c29b3e72b3512737", size = 10048066 },
    { url = "https://files.pythonhosted.org/packages/57/1d/e5cc149ecc46e4f203403a79ccd170fad52d316f98b87d0f63b1945567db/ruff-0.7.0-py3-none-macosx_11_0_arm64.whl", hash = "sha256:214b88498684e20b6b2b8852c01d50f0651f3cc6118dfa113b4def9f14faaf06", size = 9711389 },
    { url = "https://files.pythonhosted.org/packages/05/67/fb7ea2c869c539725a16c5bc294e9aa34f8b1b6fe702f1d173a5da517c2b/ruff-0.7.0-py3-none-manylinux_2_17_aarch64.manylinux2014_aarch64.whl", hash = "sha256:630fce3fefe9844e91ea5bbf7ceadab4f9981f42b704fae011bb8efcaf5d84be", size = 10755174 },
    { url = "https://files.pythonhosted.org/packages/5f/f0/13703bc50536a0613ea3dce991116e5f0917a1f05528c6ab738b33c08d3f/ruff-0.7.0-py3-none-manylinux_2_17_armv7l.manylinux2014_armv7l.whl", hash = "sha256:211d877674e9373d4bb0f1c80f97a0201c61bcd1e9d045b6e9726adc42c156aa", size = 10196040 },
    { url = "https://files.pythonhosted.org/packages/99/c1/77b04ab20324ab03d333522ee55fb0f1c38e3ca0d326b4905f82ce6b6c70/ruff-0.7.0-py3-none-manylinux_2_17_i686.manylinux2014_i686.whl", hash = "sha256:194d6c46c98c73949a106425ed40a576f52291c12bc21399eb8f13a0f7073495", size = 11033684 },
    { url = "https://files.pythonhosted.org/packages/f2/97/f463334dc4efeea3551cd109163df15561c18a1c3ec13d51643740fd36ba/ruff-0.7.0-py3-none-manylinux_2_17_ppc64.manylinux2014_ppc64.whl", hash = "sha256:82c2579b82b9973a110fab281860403b397c08c403de92de19568f32f7178598", size = 11803700 },
    { url = "https://files.pythonhosted.org/packages/b4/f8/a31d40c4bb92933d376a53e7c5d0245d9b27841357e4820e96d38f54b480/ruff-0.7.0-py3-none-manylinux_2_17_ppc64le.manylinux2014_ppc64le.whl", hash = "sha256:9af971fe85dcd5eaed8f585ddbc6bdbe8c217fb8fcf510ea6bca5bdfff56040e", size = 11347848 },
    { url = "https://files.pythonhosted.org/packages/83/62/0c133b35ddaf91c65c30a56718b80bdef36bfffc35684d29e3a4878e0ea3/ruff-0.7.0-py3-none-manylinux_2_17_s390x.manylinux2014_s390x.whl", hash = "sha256:b641c7f16939b7d24b7bfc0be4102c56562a18281f84f635604e8a6989948914", size = 12480632 },
    { url = "https://files.pythonhosted.org/packages/46/96/464058dd1d980014fb5aa0a1254e78799efb3096fc7a4823cd66a1621276/ruff-0.7.0-py3-none-manylinux_2_17_x86_64.manylinux2014_x86_64.whl", hash = "sha256:d71672336e46b34e0c90a790afeac8a31954fd42872c1f6adaea1dff76fd44f9", size = 10941919 },
    { url = "https://files.pythonhosted.org/packages/a0/f7/bda37ec77986a435dde44e1f59374aebf4282a5fa9cf17735315b847141f/ruff-0.7.0-py3-none-musllinux_1_2_aarch64.whl", hash = "sha256:ab7d98c7eed355166f367597e513a6c82408df4181a937628dbec79abb2a1fe4", size = 10745519 },
    { url = "https://files.pythonhosted.org/packages/c2/33/5f77fc317027c057b61a848020a47442a1cbf12e592df0e41e21f4d0f3bd/ruff-0.7.0-py3-none-musllinux_1_2_armv7l.whl", hash = "sha256:1eb54986f770f49edb14f71d33312d79e00e629a57387382200b1ef12d6a4ef9", size = 10284872 },
    { url = "https://files.pythonhosted.org/packages/ff/50/98aec292bc9537f640b8d031c55f3414bf15b6ed13b3e943fed75ac927b9/ruff-0.7.0-py3-none-musllinux_1_2_i686.whl", hash = "sha256:dc452ba6f2bb9cf8726a84aa877061a2462afe9ae0ea1d411c53d226661c601d", size = 10600334 },
    { url = "https://files.pythonhosted.org/packages/f2/85/12607ae3201423a179b8cfadc7cb1e57d02cd0135e45bd0445acb4cef327/ruff-0.7.0-py3-none-musllinux_1_2_x86_64.whl", hash = "sha256:4b406c2dce5be9bad59f2de26139a86017a517e6bcd2688da515481c05a2cb11", size = 11017333 },
    { url = "https://files.pythonhosted.org/packages/d4/7f/3b85a56879e705d5f46ec14daf8a439fca05c3081720fe3dc3209100922d/ruff-0.7.0-py3-none-win32.whl", hash = "sha256:f6c968509f767776f524a8430426539587d5ec5c662f6addb6aa25bc2e8195ec", size = 8570962 },
    { url = "https://files.pythonhosted.org/packages/39/9f/c5ee2b40d377354dabcc23cff47eb299de4b4d06d345068f8f8cc1eadac8/ruff-0.7.0-py3-none-win_amd64.whl", hash = "sha256:ff4aabfbaaba880e85d394603b9e75d32b0693152e16fa659a3064a85df7fce2", size = 9365544 },
    { url = "https://files.pythonhosted.org/packages/89/8b/ee1509f60148cecba644aa718f6633216784302458340311898aaf0b1bed/ruff-0.7.0-py3-none-win_arm64.whl", hash = "sha256:10842f69c245e78d6adec7e1db0a7d9ddc2fff0621d730e61657b64fa36f207e", size = 8695763 },
]

[[package]]
name = "rustimport"
version = "1.3.4"
source = { registry = "https://pypi.org/simple" }
dependencies = [
    { name = "toml" },
]
sdist = { url = "https://files.pythonhosted.org/packages/95/83/090f4be41dfbfd120a5fe0ed82b1857083bafe0928e876480d72a63e8bf3/rustimport-1.3.4.tar.gz", hash = "sha256:ba80e3c28af07ba3910ad395613d01f9e421bfb59fbb1ac050e2b5d9b78b4980", size = 28817 }
wheels = [
    { url = "https://files.pythonhosted.org/packages/5d/e6/376cc02c6ec2dd29de14225bd322ea742b0b864c05c62abe40208ce64ebd/rustimport-1.3.4-py3-none-any.whl", hash = "sha256:f2b931ff4e0fa931028066a7dacaae449b1a4601fe7a553c35f3dd63aba97ce0", size = 26341 },
]

[[package]]
name = "toml"
version = "0.10.2"
source = { registry = "https://pypi.org/simple" }
sdist = { url = "https://files.pythonhosted.org/packages/be/ba/1f744cdc819428fc6b5084ec34d9b30660f6f9daaf70eead706e3203ec3c/toml-0.10.2.tar.gz", hash = "sha256:b3bda1d108d5dd99f4a20d24d9c348e91c4db7ab1b749200bded2f839ccbe68f", size = 22253 }
wheels = [
    { url = "https://files.pythonhosted.org/packages/44/6f/7120676b6d73228c96e17f1f794d8ab046fc910d781c8d151120c3f1569e/toml-0.10.2-py2.py3-none-any.whl", hash = "sha256:806143ae5bfb6a3c6e736a764057db0e6a0e05e338b5630894a5f779cabb4f9b", size = 16588 },
]

[[package]]
name = "uvloop"
version = "0.19.0"
source = { registry = "https://pypi.org/simple" }
sdist = { url = "https://files.pythonhosted.org/packages/9c/16/728cc5dde368e6eddb299c5aec4d10eaf25335a5af04e8c0abd68e2e9d32/uvloop-0.19.0.tar.gz", hash = "sha256:0246f4fd1bf2bf702e06b0d45ee91677ee5c31242f39aab4ea6fe0c51aedd0fd", size = 2318492 }
wheels = [
    { url = "https://files.pythonhosted.org/packages/85/57/6736733bb0e86a4b5380d04082463b289c0baecaa205934ba81e8a1d5ea4/uvloop-0.19.0-cp312-cp312-macosx_10_9_universal2.whl", hash = "sha256:da8435a3bd498419ee8c13c34b89b5005130a476bda1d6ca8cfdde3de35cd650", size = 1355376 },
    { url = "https://files.pythonhosted.org/packages/eb/0c/51339463da912ed34b48d470538d98a91660749b2db56902f23db9b42fdd/uvloop-0.19.0-cp312-cp312-macosx_10_9_x86_64.whl", hash = "sha256:02506dc23a5d90e04d4f65c7791e65cf44bd91b37f24cfc3ef6cf2aff05dc7ec", size = 745031 },
    { url = "https://files.pythonhosted.org/packages/e6/fc/f0daaf19f5b2116a2d26eb9f98c4a45084aea87bf03c33bcca7aa1ff36e5/uvloop-0.19.0-cp312-cp312-manylinux_2_17_aarch64.manylinux2014_aarch64.whl", hash = "sha256:2693049be9d36fef81741fddb3f441673ba12a34a704e7b4361efb75cf30befc", size = 4077630 },
    { url = "https://files.pythonhosted.org/packages/fd/96/fdc318ffe82ae567592b213ec2fcd8ecedd927b5da068cf84d56b28c51a4/uvloop-0.19.0-cp312-cp312-manylinux_2_17_x86_64.manylinux2014_x86_64.whl", hash = "sha256:7010271303961c6f0fe37731004335401eb9075a12680738731e9c92ddd96ad6", size = 4159957 },
    { url = "https://files.pythonhosted.org/packages/71/bc/092068ae7fc16dcf20f3e389126ba7800cee75ffba83f78bf1d167aee3cd/uvloop-0.19.0-cp312-cp312-musllinux_1_1_aarch64.whl", hash = "sha256:5daa304d2161d2918fa9a17d5635099a2f78ae5b5960e742b2fcfbb7aefaa593", size = 4014951 },
    { url = "https://files.pythonhosted.org/packages/a6/f2/6ce1e73933eb038c89f929e26042e64b2cb8d4453410153eed14918ca9a8/uvloop-0.19.0-cp312-cp312-musllinux_1_1_x86_64.whl", hash = "sha256:7207272c9520203fea9b93843bb775d03e1cf88a80a936ce760f60bb5add92f3", size = 4100911 },
]

[[package]]
name = "watchdog"
version = "4.0.1"
source = { registry = "https://pypi.org/simple" }
sdist = { url = "https://files.pythonhosted.org/packages/1b/f9/b01e4632aed9a6ecc2b3e501feffd3af5aa0eb4e3b0283fc9525bf503c38/watchdog-4.0.1.tar.gz", hash = "sha256:eebaacf674fa25511e8867028d281e602ee6500045b57f43b08778082f7f8b44", size = 126583 }
wheels = [
    { url = "https://files.pythonhosted.org/packages/f3/d1/85c1f5841190ee1e39f4a8a01df6eb13b44bd366060fc735505a38613484/watchdog-4.0.1-cp312-cp312-macosx_10_9_universal2.whl", hash = "sha256:093b23e6906a8b97051191a4a0c73a77ecc958121d42346274c6af6520dec175", size = 101708 },
    { url = "https://files.pythonhosted.org/packages/a9/eb/8d1f9150dd5e86082913ab15d4fd4bea436186845be1b1752efd19b020d1/watchdog-4.0.1-cp312-cp312-macosx_10_9_x86_64.whl", hash = "sha256:611be3904f9843f0529c35a3ff3fd617449463cb4b73b1633950b3d97fa4bfb7", size = 92508 },
    { url = "https://files.pythonhosted.org/packages/52/67/62eea67ef31214ea4867b97351ea4f6b3a52dd1c4c93360ff8ad6e4ad72f/watchdog-4.0.1-cp312-cp312-macosx_11_0_arm64.whl", hash = "sha256:62c613ad689ddcb11707f030e722fa929f322ef7e4f18f5335d2b73c61a85c28", size = 92977 },
    { url = "https://files.pythonhosted.org/packages/3a/36/28ce38b960f2bf1e1be573d85e8127c9ac66b4de63a7bef3f61b3f77ce57/watchdog-4.0.1-py3-none-manylinux2014_aarch64.whl", hash = "sha256:dddba7ca1c807045323b6af4ff80f5ddc4d654c8bce8317dde1bd96b128ed253", size = 83011 },
    { url = "https://files.pythonhosted.org/packages/05/7b/efc5b4134c97f08b161faa703327cde3fe647c5c48c156fde0c343471095/watchdog-4.0.1-py3-none-manylinux2014_armv7l.whl", hash = "sha256:4513ec234c68b14d4161440e07f995f231be21a09329051e67a2118a7a612d2d", size = 83009 },
    { url = "https://files.pythonhosted.org/packages/c3/bb/1fac328ba90ea091ef04e7bdefe638a933076530d802c1b1cf1f03fe7e89/watchdog-4.0.1-py3-none-manylinux2014_i686.whl", hash = "sha256:4107ac5ab936a63952dea2a46a734a23230aa2f6f9db1291bf171dac3ebd53c6", size = 83011 },
    { url = "https://files.pythonhosted.org/packages/ce/df/c8719022af772d9f75f1c49af453a48a785a45295bca1ce4f3f55b9923af/watchdog-4.0.1-py3-none-manylinux2014_ppc64.whl", hash = "sha256:6e8c70d2cd745daec2a08734d9f63092b793ad97612470a0ee4cbb8f5f705c57", size = 83012 },
    { url = "https://files.pythonhosted.org/packages/b0/d5/7285d52e7a7ffce2ae0b21a98dbbed345bcb227672a4268eb26d046d8d41/watchdog-4.0.1-py3-none-manylinux2014_ppc64le.whl", hash = "sha256:f27279d060e2ab24c0aa98363ff906d2386aa6c4dc2f1a374655d4e02a6c5e5e", size = 83011 },
    { url = "https://files.pythonhosted.org/packages/2a/09/4b07dc8dd1a9f67a7acfbc084f26fc35ee8a2e4feeb0a2c98fe9a1ef196c/watchdog-4.0.1-py3-none-manylinux2014_s390x.whl", hash = "sha256:f8affdf3c0f0466e69f5b3917cdd042f89c8c63aebdb9f7c078996f607cdb0f5", size = 83009 },
    { url = "https://files.pythonhosted.org/packages/24/01/a4034a94a5f1828eb050230e7cf13af3ac23cf763512b6afe008d3def97c/watchdog-4.0.1-py3-none-manylinux2014_x86_64.whl", hash = "sha256:ac7041b385f04c047fcc2951dc001671dee1b7e0615cde772e84b01fbf68ee84", size = 83012 },
    { url = "https://files.pythonhosted.org/packages/8f/5e/c0d7dad506adedd584188578901871fe923abf6c0c5dc9e79d9be5c7c24e/watchdog-4.0.1-py3-none-win32.whl", hash = "sha256:206afc3d964f9a233e6ad34618ec60b9837d0582b500b63687e34011e15bb429", size = 82996 },
    { url = "https://files.pythonhosted.org/packages/85/e0/2a9f43008902427b5f074c497705d6ef8f815c85d4bc25fbf83f720a6159/watchdog-4.0.1-py3-none-win_amd64.whl", hash = "sha256:7577b3c43e5909623149f76b099ac49a1a01ca4e167d1785c76eb52fa585745a", size = 83002 },
    { url = "https://files.pythonhosted.org/packages/db/54/23e5845ef68e1817b3792b2a11fb2088d7422814d41af8186d9058c4ff07/watchdog-4.0.1-py3-none-win_ia64.whl", hash = "sha256:d7b9f5f3299e8dd230880b6c55504a1f69cf1e4316275d1b215ebdd8187ec88d", size = 83002 },
]

[[package]]
name = "wcwidth"
version = "0.2.13"
source = { registry = "https://pypi.org/simple" }
sdist = { url = "https://files.pythonhosted.org/packages/6c/63/53559446a878410fc5a5974feb13d31d78d752eb18aeba59c7fef1af7598/wcwidth-0.2.13.tar.gz", hash = "sha256:72ea0c06399eb286d978fdedb6923a9eb47e1c486ce63e9b4e64fc18303972b5", size = 101301 }
wheels = [
    { url = "https://files.pythonhosted.org/packages/fd/84/fd2ba7aafacbad3c4201d395674fc6348826569da3c0937e75505ead3528/wcwidth-0.2.13-py2.py3-none-any.whl", hash = "sha256:3da69048e4540d84af32131829ff948f1e022c1c6bdb8d6102117aac784f6859", size = 34166 },
]
